
Microsoft Visual Studio Solution File, Format Version 12.00
# Visual Studio 15
VisualStudioVersion = 15.0.26430.12
MinimumVisualStudioVersion = 10.0.40219.1
Project("{FAE04EC0-301F-11D3-BF4B-00C04F79EFBC}") = "Platformer", "Platformer\Platformer.csproj", "{2CEF9DB5-B3E7-4A58-9923-293D6E9762E0}"
EndProject
Project("{2150E333-8FDC-42A3-9474-1A3956D46DE8}") = "Solution Items", "Solution Items", "{AFDEA785-96C1-4BC6-8FD1-89D1312F1BD3}"
	ProjectSection(SolutionItems) = preProject
		Platformer\Resources\move.gif = Platformer\Resources\move.gif
	EndProjectSection
EndProject
Global
	GlobalSection(SolutionConfigurationPlatforms) = preSolution
		Debug|Any CPU = Debug|Any CPU
		Release|Any CPU = Release|Any CPU
	EndGlobalSection
	GlobalSection(ProjectConfigurationPlatforms) = postSolution
		{2CEF9DB5-B3E7-4A58-9923-293D6E9762E0}.Debug|Any CPU.ActiveCfg = Debug|Any CPU
		{2CEF9DB5-B3E7-4A58-9923-293D6E9762E0}.Debug|Any CPU.Build.0 = Debug|Any CPU
		{2CEF9DB5-B3E7-4A58-9923-293D6E9762E0}.Release|Any CPU.ActiveCfg = Release|Any CPU
		{2CEF9DB5-B3E7-4A58-9923-293D6E9762E0}.Release|Any CPU.Build.0 = Release|Any CPU
	EndGlobalSection
	GlobalSection(SolutionProperties) = preSolution
		HideSolutionNode = FALSE
	EndGlobalSection
EndGlobal
